
Microsoft Visual Studio Solution File, Format Version 12.00
# Visual Studio Version 17
VisualStudioVersion = 17.2.32616.157
MinimumVisualStudioVersion = 10.0.40219.1
Project("{9A19103F-16F7-4668-BE54-9A1E7A4F7556}") = "DriversAppApi", "DriversAppApi.csproj", "{9B5F14FC-5F70-4E0D-B739-C02AA68CAB01}"
EndProject
Global
	GlobalSection(SolutionConfigurationPlatforms) = preSolution
		Debug|Any CPU = Debug|Any CPU
		Release|Any CPU = Release|Any CPU
	EndGlobalSection
	GlobalSection(ProjectConfigurationPlatforms) = postSolution
		{9B5F14FC-5F70-4E0D-B739-C02AA68CAB01}.Debug|Any CPU.ActiveCfg = Debug|Any CPU
		{9B5F14FC-5F70-4E0D-B739-C02AA68CAB01}.Debug|Any CPU.Build.0 = Debug|Any CPU
		{9B5F14FC-5F70-4E0D-B739-C02AA68CAB01}.Release|Any CPU.ActiveCfg = Release|Any CPU
		{9B5F14FC-5F70-4E0D-B739-C02AA68CAB01}.Release|Any CPU.Build.0 = Release|Any CPU
	EndGlobalSection
	GlobalSection(SolutionProperties) = preSolution
		HideSolutionNode = FALSE
	EndGlobalSection
	GlobalSection(ExtensibilityGlobals) = postSolution
		SolutionGuid = {C8A4833C-DD68-43A9-A2C0-A2879AC0104B}
	EndGlobalSection
EndGlobal
